// !$*UTF8*$!
{
	archiveVersion = 1;
	classes = {
	};
	objectVersion = 52;
	objects = {

/* Begin PBXBuildFile section */
		08611CAE2103932200F746C9 /* Constants.secret.swift.example in Resources */ = {isa = PBXBuildFile; fileRef = 08611CAD2103932200F746C9 /* Constants.secret.swift.example */; };
		EB0CAC012101FDE50084CC59 /* AuthViewController.swift in Sources */ = {isa = PBXBuildFile; fileRef = EB0CAC002101FDE50084CC59 /* AuthViewController.swift */; };
		EB1197B723083A2F00CB7A40 /* InstancesTVC+Notifications.swift in Sources */ = {isa = PBXBuildFile; fileRef = EB1197B623083A2F00CB7A40 /* InstancesTVC+Notifications.swift */; };
		EB1228C3212B2DA600AD77E8 /* RegionFetcher.swift in Sources */ = {isa = PBXBuildFile; fileRef = EB1228C2212B2DA600AD77E8 /* RegionFetcher.swift */; };
		EB1228C5212B31B100AD77E8 /* RegionFilterTableViewController.swift in Sources */ = {isa = PBXBuildFile; fileRef = EB1228C4212B31B100AD77E8 /* RegionFilterTableViewController.swift */; };
		EB1228C7212B371600AD77E8 /* SettingsTableViewController.swift in Sources */ = {isa = PBXBuildFile; fileRef = EB1228C6212B371600AD77E8 /* SettingsTableViewController.swift */; };
		EB1DB264226CBCF30014EFC2 /* InstanceCell.xib in Resources */ = {isa = PBXBuildFile; fileRef = EB1DB263226CBCF30014EFC2 /* InstanceCell.xib */; };
		EB2F9655230D55ED00B70394 /* NoContentView.swift in Sources */ = {isa = PBXBuildFile; fileRef = EB2F9654230D55ED00B70394 /* NoContentView.swift */; };
		EB5865032199B52500196F7B /* Biometric Authentification.swift in Sources */ = {isa = PBXBuildFile; fileRef = EB5865022199B52500196F7B /* Biometric Authentification.swift */; };
		EB8452E32101E8E6001D26BD /* Constants.secret.swift in Sources */ = {isa = PBXBuildFile; fileRef = EB8452E22101E8E6001D26BD /* Constants.secret.swift */; };
		EBA26CE32124DA34009AACA7 /* Instance.swift in Sources */ = {isa = PBXBuildFile; fileRef = EBA26CE22124DA34009AACA7 /* Instance.swift */; };
		EBB0FE202125E7B600D3FF13 /* InstanceCell.swift in Sources */ = {isa = PBXBuildFile; fileRef = EBB0FE1E2125E7B600D3FF13 /* InstanceCell.swift */; };
		EBB7892C20F37643006BDBF6 /* AppDelegate.swift in Sources */ = {isa = PBXBuildFile; fileRef = EBB7892B20F37643006BDBF6 /* AppDelegate.swift */; };
		EBB7892E20F37643006BDBF6 /* InstancesTVC.swift in Sources */ = {isa = PBXBuildFile; fileRef = EBB7892D20F37643006BDBF6 /* InstancesTVC.swift */; };
		EBB7893120F37643006BDBF6 /* Main.storyboard in Resources */ = {isa = PBXBuildFile; fileRef = EBB7892F20F37643006BDBF6 /* Main.storyboard */; };
		EBB7893320F37644006BDBF6 /* Assets.xcassets in Resources */ = {isa = PBXBuildFile; fileRef = EBB7893220F37644006BDBF6 /* Assets.xcassets */; };
		EBB7893620F37644006BDBF6 /* LaunchScreen.storyboard in Resources */ = {isa = PBXBuildFile; fileRef = EBB7893420F37644006BDBF6 /* LaunchScreen.storyboard */; };
		EBC232E02306F80200A8E3E5 /* CloudControl.xcdatamodeld in Sources */ = {isa = PBXBuildFile; fileRef = EBC232DE2306F80100A8E3E5 /* CloudControl.xcdatamodeld */; };
		EBEF56E62371D02F00C594A2 /* Constants.secret.swift in Sources */ = {isa = PBXBuildFile; fileRef = EBEF56E52371D02F00C594A2 /* Constants.secret.swift */; };
		EBEF56E82371D0B300C594A2 /* InstanceDetailsTVC.swift in Sources */ = {isa = PBXBuildFile; fileRef = EBEF56E72371D0B300C594A2 /* InstanceDetailsTVC.swift */; };
		EBF2ED2C236F4BC500E9AEAD /* Alamofire in Frameworks */ = {isa = PBXBuildFile; productRef = EBF2ED2B236F4BC500E9AEAD /* Alamofire */; };
		EBF2ED2F236F4BDA00E9AEAD /* SwiftyJSON in Frameworks */ = {isa = PBXBuildFile; productRef = EBF2ED2E236F4BDA00E9AEAD /* SwiftyJSON */; };
		EBF921DA2142B298007C2975 /* NotificationsSettingsTableViewController.swift in Sources */ = {isa = PBXBuildFile; fileRef = EBF921D92142B298007C2975 /* NotificationsSettingsTableViewController.swift */; };
/* End PBXBuildFile section */

/* Begin PBXFileReference section */
		08611CAD2103932200F746C9 /* Constants.secret.swift.example */ = {isa = PBXFileReference; fileEncoding = 4; lastKnownFileType = text; path = Constants.secret.swift.example; sourceTree = "<group>"; };
		EB0CAC002101FDE50084CC59 /* AuthViewController.swift */ = {isa = PBXFileReference; lastKnownFileType = sourcecode.swift; path = AuthViewController.swift; sourceTree = "<group>"; };
		EB1197B623083A2F00CB7A40 /* InstancesTVC+Notifications.swift */ = {isa = PBXFileReference; lastKnownFileType = sourcecode.swift; path = "InstancesTVC+Notifications.swift"; sourceTree = "<group>"; };
		EB1228C2212B2DA600AD77E8 /* RegionFetcher.swift */ = {isa = PBXFileReference; lastKnownFileType = sourcecode.swift; path = RegionFetcher.swift; sourceTree = "<group>"; };
		EB1228C4212B31B100AD77E8 /* RegionFilterTableViewController.swift */ = {isa = PBXFileReference; lastKnownFileType = sourcecode.swift; path = RegionFilterTableViewController.swift; sourceTree = "<group>"; };
		EB1228C6212B371600AD77E8 /* SettingsTableViewController.swift */ = {isa = PBXFileReference; lastKnownFileType = sourcecode.swift; path = SettingsTableViewController.swift; sourceTree = "<group>"; };
		EB1DB263226CBCF30014EFC2 /* InstanceCell.xib */ = {isa = PBXFileReference; lastKnownFileType = file.xib; path = InstanceCell.xib; sourceTree = "<group>"; };
		EB2D8B40234CA99C00F0BBFF /* Cloud Control.entitlements */ = {isa = PBXFileReference; lastKnownFileType = text.plist.entitlements; path = "Cloud Control.entitlements"; sourceTree = "<group>"; };
		EB2F9654230D55ED00B70394 /* NoContentView.swift */ = {isa = PBXFileReference; lastKnownFileType = sourcecode.swift; path = NoContentView.swift; sourceTree = "<group>"; };
		EB5865022199B52500196F7B /* Biometric Authentification.swift */ = {isa = PBXFileReference; lastKnownFileType = sourcecode.swift; path = "Biometric Authentification.swift"; sourceTree = "<group>"; };
		EB8452E22101E8E6001D26BD /* Constants.secret.swift */ = {isa = PBXFileReference; lastKnownFileType = sourcecode.swift; path = Constants.secret.swift; sourceTree = "<group>"; };
		EBA26CE22124DA34009AACA7 /* Instance.swift */ = {isa = PBXFileReference; lastKnownFileType = sourcecode.swift; path = Instance.swift; sourceTree = "<group>"; };
		EBB0FE1E2125E7B600D3FF13 /* InstanceCell.swift */ = {isa = PBXFileReference; lastKnownFileType = sourcecode.swift; path = InstanceCell.swift; sourceTree = "<group>"; };
		EBB7892820F37643006BDBF6 /* Cloud Control.app */ = {isa = PBXFileReference; explicitFileType = wrapper.application; includeInIndex = 0; path = "Cloud Control.app"; sourceTree = BUILT_PRODUCTS_DIR; };
		EBB7892B20F37643006BDBF6 /* AppDelegate.swift */ = {isa = PBXFileReference; lastKnownFileType = sourcecode.swift; path = AppDelegate.swift; sourceTree = "<group>"; };
		EBB7892D20F37643006BDBF6 /* InstancesTVC.swift */ = {isa = PBXFileReference; lastKnownFileType = sourcecode.swift; path = InstancesTVC.swift; sourceTree = "<group>"; };
		EBB7893020F37643006BDBF6 /* Base */ = {isa = PBXFileReference; lastKnownFileType = file.storyboard; name = Base; path = Base.lproj/Main.storyboard; sourceTree = "<group>"; };
		EBB7893220F37644006BDBF6 /* Assets.xcassets */ = {isa = PBXFileReference; lastKnownFileType = folder.assetcatalog; path = Assets.xcassets; sourceTree = "<group>"; };
		EBB7893520F37644006BDBF6 /* Base */ = {isa = PBXFileReference; lastKnownFileType = file.storyboard; name = Base; path = Base.lproj/LaunchScreen.storyboard; sourceTree = "<group>"; };
		EBB7893720F37644006BDBF6 /* Info.plist */ = {isa = PBXFileReference; lastKnownFileType = text.plist.xml; path = Info.plist; sourceTree = "<group>"; };
		EBC232DF2306F80100A8E3E5 /* CloudControl.xcdatamodel */ = {isa = PBXFileReference; lastKnownFileType = wrapper.xcdatamodel; path = CloudControl.xcdatamodel; sourceTree = "<group>"; };
		EBEF56E52371D02F00C594A2 /* Constants.secret.swift */ = {isa = PBXFileReference; fileEncoding = 4; lastKnownFileType = sourcecode.swift; path = Constants.secret.swift; sourceTree = "<group>"; };
		EBEF56E72371D0B300C594A2 /* InstanceDetailsTVC.swift */ = {isa = PBXFileReference; lastKnownFileType = sourcecode.swift; path = InstanceDetailsTVC.swift; sourceTree = "<group>"; };
		EBF921D92142B298007C2975 /* NotificationsSettingsTableViewController.swift */ = {isa = PBXFileReference; lastKnownFileType = sourcecode.swift; path = NotificationsSettingsTableViewController.swift; sourceTree = "<group>"; };
/* End PBXFileReference section */

/* Begin PBXFrameworksBuildPhase section */
		EBB7892520F37643006BDBF6 /* Frameworks */ = {
			isa = PBXFrameworksBuildPhase;
			buildActionMask = 2147483647;
			files = (
				EBF2ED2C236F4BC500E9AEAD /* Alamofire in Frameworks */,
				EBF2ED2F236F4BDA00E9AEAD /* SwiftyJSON in Frameworks */,
			);
			runOnlyForDeploymentPostprocessing = 0;
		};
/* End PBXFrameworksBuildPhase section */

/* Begin PBXGroup section */
		EB8452E42101E8F5001D26BD /* Views */ = {
			isa = PBXGroup;
			children = (
				EBB7892F20F37643006BDBF6 /* Main.storyboard */,
				EBB0FE222125E7BA00D3FF13 /* Instance Cell */,
				EB2F9654230D55ED00B70394 /* NoContentView.swift */,
			);
			path = Views;
			sourceTree = "<group>";
		};
		EB8452E52101E90C001D26BD /* Data model */ = {
			isa = PBXGroup;
			children = (
				EB5865022199B52500196F7B /* Biometric Authentification.swift */,
				EB8452E22101E8E6001D26BD /* Constants.secret.swift */,
				08611CAD2103932200F746C9 /* Constants.secret.swift.example */,
				EBA26CE22124DA34009AACA7 /* Instance.swift */,
				EBC232DE2306F80100A8E3E5 /* CloudControl.xcdatamodeld */,
				EBEF56E52371D02F00C594A2 /* Constants.secret.swift */,
				EB1228C2212B2DA600AD77E8 /* RegionFetcher.swift */,
			);
			path = "Data model";
			sourceTree = "<group>";
		};
		EB8452E62101E91C001D26BD /* Controllers */ = {
			isa = PBXGroup;
			children = (
				EB0CAC002101FDE50084CC59 /* AuthViewController.swift */,
				EBB7892D20F37643006BDBF6 /* InstancesTVC.swift */,
				EB1197B623083A2F00CB7A40 /* InstancesTVC+Notifications.swift */,
				EB1228C4212B31B100AD77E8 /* RegionFilterTableViewController.swift */,
				EB1228C6212B371600AD77E8 /* SettingsTableViewController.swift */,
				EBF921D92142B298007C2975 /* NotificationsSettingsTableViewController.swift */,
				EBEF56E72371D0B300C594A2 /* InstanceDetailsTVC.swift */,
			);
			path = Controllers;
			sourceTree = "<group>";
		};
		EBB0FE222125E7BA00D3FF13 /* Instance Cell */ = {
			isa = PBXGroup;
			children = (
				EBB0FE1E2125E7B600D3FF13 /* InstanceCell.swift */,
				EB1DB263226CBCF30014EFC2 /* InstanceCell.xib */,
			);
			path = "Instance Cell";
			sourceTree = "<group>";
		};
		EBB7891F20F37643006BDBF6 = {
			isa = PBXGroup;
			children = (
				EBB7892A20F37643006BDBF6 /* Cloud Control */,
				EBB7892920F37643006BDBF6 /* Products */,
				F02F3D9C63406BE0620CC14A /* Frameworks */,
			);
			sourceTree = "<group>";
		};
		EBB7892920F37643006BDBF6 /* Products */ = {
			isa = PBXGroup;
			children = (
				EBB7892820F37643006BDBF6 /* Cloud Control.app */,
			);
			name = Products;
			sourceTree = "<group>";
		};
		EBB7892A20F37643006BDBF6 /* Cloud Control */ = {
			isa = PBXGroup;
			children = (
				EB2D8B40234CA99C00F0BBFF /* Cloud Control.entitlements */,
				EBB7892B20F37643006BDBF6 /* AppDelegate.swift */,
				EB8452E62101E91C001D26BD /* Controllers */,
				EB8452E42101E8F5001D26BD /* Views */,
				EB8452E52101E90C001D26BD /* Data model */,
				EBB7893220F37644006BDBF6 /* Assets.xcassets */,
				EBB7893420F37644006BDBF6 /* LaunchScreen.storyboard */,
				EBB7893720F37644006BDBF6 /* Info.plist */,
			);
			path = "Cloud Control";
			sourceTree = "<group>";
		};
		F02F3D9C63406BE0620CC14A /* Frameworks */ = {
			isa = PBXGroup;
			children = (
			);
			name = Frameworks;
			sourceTree = "<group>";
		};
/* End PBXGroup section */

/* Begin PBXNativeTarget section */
		EBB7892720F37643006BDBF6 /* Cloud Control */ = {
			isa = PBXNativeTarget;
			buildConfigurationList = EBB7893A20F37644006BDBF6 /* Build configuration list for PBXNativeTarget "Cloud Control" */;
			buildPhases = (
				EBB7892420F37643006BDBF6 /* Sources */,
				EBB7892520F37643006BDBF6 /* Frameworks */,
				EBB7892620F37643006BDBF6 /* Resources */,
				EB1DB260226C9E970014EFC2 /* ShellScript */,
			);
			buildRules = (
			);
			dependencies = (
			);
			name = "Cloud Control";
			packageProductDependencies = (
				EBF2ED2B236F4BC500E9AEAD /* Alamofire */,
				EBF2ED2E236F4BDA00E9AEAD /* SwiftyJSON */,
			);
			productName = "VPN Stat";
			productReference = EBB7892820F37643006BDBF6 /* Cloud Control.app */;
			productType = "com.apple.product-type.application";
		};
/* End PBXNativeTarget section */

/* Begin PBXProject section */
		EBB7892020F37643006BDBF6 /* Project object */ = {
			isa = PBXProject;
			attributes = {
				LastSwiftUpdateCheck = 0940;
				LastUpgradeCheck = 0940;
				ORGANIZATIONNAME = "Clément";
				TargetAttributes = {
					EBB7892720F37643006BDBF6 = {
						CreatedOnToolsVersion = 9.4;
						LastSwiftMigration = 1020;
					};
				};
			};
			buildConfigurationList = EBB7892320F37643006BDBF6 /* Build configuration list for PBXProject "Cloud Control" */;
			compatibilityVersion = "Xcode 9.3";
			developmentRegion = en;
			hasScannedForEncodings = 0;
			knownRegions = (
				en,
				Base,
			);
			mainGroup = EBB7891F20F37643006BDBF6;
			packageReferences = (
				EBF2ED2A236F4BC500E9AEAD /* XCRemoteSwiftPackageReference "Alamofire" */,
				EBF2ED2D236F4BDA00E9AEAD /* XCRemoteSwiftPackageReference "SwiftyJSON" */,
			);
			productRefGroup = EBB7892920F37643006BDBF6 /* Products */;
			projectDirPath = "";
			projectRoot = "";
			targets = (
				EBB7892720F37643006BDBF6 /* Cloud Control */,
			);
		};
/* End PBXProject section */

/* Begin PBXResourcesBuildPhase section */
		EBB7892620F37643006BDBF6 /* Resources */ = {
			isa = PBXResourcesBuildPhase;
			buildActionMask = 2147483647;
			files = (
				08611CAE2103932200F746C9 /* Constants.secret.swift.example in Resources */,
				EB1DB264226CBCF30014EFC2 /* InstanceCell.xib in Resources */,
				EBB7893620F37644006BDBF6 /* LaunchScreen.storyboard in Resources */,
				EBB7893320F37644006BDBF6 /* Assets.xcassets in Resources */,
				EBB7893120F37643006BDBF6 /* Main.storyboard in Resources */,
			);
			runOnlyForDeploymentPostprocessing = 0;
		};
/* End PBXResourcesBuildPhase section */

/* Begin PBXShellScriptBuildPhase section */
		EB1DB260226C9E970014EFC2 /* ShellScript */ = {
			isa = PBXShellScriptBuildPhase;
			buildActionMask = 2147483647;
			files = (
			);
			inputFileListPaths = (
			);
			inputPaths = (
			);
			outputFileListPaths = (
			);
			outputPaths = (
			);
			runOnlyForDeploymentPostprocessing = 0;
			shellPath = /bin/sh;
			shellScript = "/usr/local/bin/carthage copy-frameworks\n";
			showEnvVarsInLog = 0;
		};
/* End PBXShellScriptBuildPhase section */

/* Begin PBXSourcesBuildPhase section */
		EBB7892420F37643006BDBF6 /* Sources */ = {
			isa = PBXSourcesBuildPhase;
			buildActionMask = 2147483647;
			files = (
				EBEF56E62371D02F00C594A2 /* Constants.secret.swift in Sources */,
				EB5865032199B52500196F7B /* Biometric Authentification.swift in Sources */,
				EBC232E02306F80200A8E3E5 /* CloudControl.xcdatamodeld in Sources */,
				EB1228C5212B31B100AD77E8 /* RegionFilterTableViewController.swift in Sources */,
				EB0CAC012101FDE50084CC59 /* AuthViewController.swift in Sources */,
				EBF921DA2142B298007C2975 /* NotificationsSettingsTableViewController.swift in Sources */,
				EB1228C7212B371600AD77E8 /* SettingsTableViewController.swift in Sources */,
				EBB0FE202125E7B600D3FF13 /* InstanceCell.swift in Sources */,
				EB2F9655230D55ED00B70394 /* NoContentView.swift in Sources */,
				EB1228C3212B2DA600AD77E8 /* RegionFetcher.swift in Sources */,
				EB8452E32101E8E6001D26BD /* Constants.secret.swift in Sources */,
				EBEF56E82371D0B300C594A2 /* InstanceDetailsTVC.swift in Sources */,
				EBB7892E20F37643006BDBF6 /* InstancesTVC.swift in Sources */,
				EBB7892C20F37643006BDBF6 /* AppDelegate.swift in Sources */,
				EB1197B723083A2F00CB7A40 /* InstancesTVC+Notifications.swift in Sources */,
				EBA26CE32124DA34009AACA7 /* Instance.swift in Sources */,
			);
			runOnlyForDeploymentPostprocessing = 0;
		};
/* End PBXSourcesBuildPhase section */

/* Begin PBXVariantGroup section */
		EBB7892F20F37643006BDBF6 /* Main.storyboard */ = {
			isa = PBXVariantGroup;
			children = (
				EBB7893020F37643006BDBF6 /* Base */,
			);
			name = Main.storyboard;
			sourceTree = "<group>";
		};
		EBB7893420F37644006BDBF6 /* LaunchScreen.storyboard */ = {
			isa = PBXVariantGroup;
			children = (
				EBB7893520F37644006BDBF6 /* Base */,
			);
			name = LaunchScreen.storyboard;
			sourceTree = "<group>";
		};
/* End PBXVariantGroup section */

/* Begin XCBuildConfiguration section */
		EBB7893820F37644006BDBF6 /* Debug */ = {
			isa = XCBuildConfiguration;
			buildSettings = {
				ALWAYS_SEARCH_USER_PATHS = NO;
				CLANG_ANALYZER_NONNULL = YES;
				CLANG_ANALYZER_NUMBER_OBJECT_CONVERSION = YES_AGGRESSIVE;
				CLANG_CXX_LANGUAGE_STANDARD = "gnu++14";
				CLANG_CXX_LIBRARY = "libc++";
				CLANG_ENABLE_MODULES = YES;
				CLANG_ENABLE_OBJC_ARC = YES;
				CLANG_ENABLE_OBJC_WEAK = YES;
				CLANG_WARN_BLOCK_CAPTURE_AUTORELEASING = YES;
				CLANG_WARN_BOOL_CONVERSION = YES;
				CLANG_WARN_COMMA = YES;
				CLANG_WARN_CONSTANT_CONVERSION = YES;
				CLANG_WARN_DEPRECATED_OBJC_IMPLEMENTATIONS = YES;
				CLANG_WARN_DIRECT_OBJC_ISA_USAGE = YES_ERROR;
				CLANG_WARN_DOCUMENTATION_COMMENTS = YES;
				CLANG_WARN_EMPTY_BODY = YES;
				CLANG_WARN_ENUM_CONVERSION = YES;
				CLANG_WARN_INFINITE_RECURSION = YES;
				CLANG_WARN_INT_CONVERSION = YES;
				CLANG_WARN_NON_LITERAL_NULL_CONVERSION = YES;
				CLANG_WARN_OBJC_IMPLICIT_RETAIN_SELF = YES;
				CLANG_WARN_OBJC_LITERAL_CONVERSION = YES;
				CLANG_WARN_OBJC_ROOT_CLASS = YES_ERROR;
				CLANG_WARN_RANGE_LOOP_ANALYSIS = YES;
				CLANG_WARN_STRICT_PROTOTYPES = YES;
				CLANG_WARN_SUSPICIOUS_MOVE = YES;
				CLANG_WARN_UNGUARDED_AVAILABILITY = YES_AGGRESSIVE;
				CLANG_WARN_UNREACHABLE_CODE = YES;
				CLANG_WARN__DUPLICATE_METHOD_MATCH = YES;
				CODE_SIGN_IDENTITY = "iPhone Developer";
				COPY_PHASE_STRIP = NO;
				DEBUG_INFORMATION_FORMAT = dwarf;
				ENABLE_STRICT_OBJC_MSGSEND = YES;
				ENABLE_TESTABILITY = YES;
				GCC_C_LANGUAGE_STANDARD = gnu11;
				GCC_DYNAMIC_NO_PIC = NO;
				GCC_NO_COMMON_BLOCKS = YES;
				GCC_OPTIMIZATION_LEVEL = 0;
				GCC_PREPROCESSOR_DEFINITIONS = (
					"DEBUG=1",
					"$(inherited)",
				);
				GCC_WARN_64_TO_32_BIT_CONVERSION = YES;
				GCC_WARN_ABOUT_RETURN_TYPE = YES_ERROR;
				GCC_WARN_UNDECLARED_SELECTOR = YES;
				GCC_WARN_UNINITIALIZED_AUTOS = YES_AGGRESSIVE;
				GCC_WARN_UNUSED_FUNCTION = YES;
				GCC_WARN_UNUSED_VARIABLE = YES;
				IPHONEOS_DEPLOYMENT_TARGET = 11.4;
				MTL_ENABLE_DEBUG_INFO = YES;
				ONLY_ACTIVE_ARCH = YES;
				SDKROOT = iphoneos;
				SWIFT_ACTIVE_COMPILATION_CONDITIONS = DEBUG;
				SWIFT_OPTIMIZATION_LEVEL = "-Onone";
			};
			name = Debug;
		};
		EBB7893920F37644006BDBF6 /* Release */ = {
			isa = XCBuildConfiguration;
			buildSettings = {
				ALWAYS_SEARCH_USER_PATHS = NO;
				CLANG_ANALYZER_NONNULL = YES;
				CLANG_ANALYZER_NUMBER_OBJECT_CONVERSION = YES_AGGRESSIVE;
				CLANG_CXX_LANGUAGE_STANDARD = "gnu++14";
				CLANG_CXX_LIBRARY = "libc++";
				CLANG_ENABLE_MODULES = YES;
				CLANG_ENABLE_OBJC_ARC = YES;
				CLANG_ENABLE_OBJC_WEAK = YES;
				CLANG_WARN_BLOCK_CAPTURE_AUTORELEASING = YES;
				CLANG_WARN_BOOL_CONVERSION = YES;
				CLANG_WARN_COMMA = YES;
				CLANG_WARN_CONSTANT_CONVERSION = YES;
				CLANG_WARN_DEPRECATED_OBJC_IMPLEMENTATIONS = YES;
				CLANG_WARN_DIRECT_OBJC_ISA_USAGE = YES_ERROR;
				CLANG_WARN_DOCUMENTATION_COMMENTS = YES;
				CLANG_WARN_EMPTY_BODY = YES;
				CLANG_WARN_ENUM_CONVERSION = YES;
				CLANG_WARN_INFINITE_RECURSION = YES;
				CLANG_WARN_INT_CONVERSION = YES;
				CLANG_WARN_NON_LITERAL_NULL_CONVERSION = YES;
				CLANG_WARN_OBJC_IMPLICIT_RETAIN_SELF = YES;
				CLANG_WARN_OBJC_LITERAL_CONVERSION = YES;
				CLANG_WARN_OBJC_ROOT_CLASS = YES_ERROR;
				CLANG_WARN_RANGE_LOOP_ANALYSIS = YES;
				CLANG_WARN_STRICT_PROTOTYPES = YES;
				CLANG_WARN_SUSPICIOUS_MOVE = YES;
				CLANG_WARN_UNGUARDED_AVAILABILITY = YES_AGGRESSIVE;
				CLANG_WARN_UNREACHABLE_CODE = YES;
				CLANG_WARN__DUPLICATE_METHOD_MATCH = YES;
				CODE_SIGN_IDENTITY = "iPhone Developer";
				COPY_PHASE_STRIP = NO;
				DEBUG_INFORMATION_FORMAT = "dwarf-with-dsym";
				ENABLE_NS_ASSERTIONS = NO;
				ENABLE_STRICT_OBJC_MSGSEND = YES;
				GCC_C_LANGUAGE_STANDARD = gnu11;
				GCC_NO_COMMON_BLOCKS = YES;
				GCC_WARN_64_TO_32_BIT_CONVERSION = YES;
				GCC_WARN_ABOUT_RETURN_TYPE = YES_ERROR;
				GCC_WARN_UNDECLARED_SELECTOR = YES;
				GCC_WARN_UNINITIALIZED_AUTOS = YES_AGGRESSIVE;
				GCC_WARN_UNUSED_FUNCTION = YES;
				GCC_WARN_UNUSED_VARIABLE = YES;
				IPHONEOS_DEPLOYMENT_TARGET = 11.4;
				MTL_ENABLE_DEBUG_INFO = NO;
				SDKROOT = iphoneos;
				SWIFT_COMPILATION_MODE = wholemodule;
				SWIFT_OPTIMIZATION_LEVEL = "-O";
				VALIDATE_PRODUCT = YES;
			};
			name = Release;
		};
		EBB7893B20F37644006BDBF6 /* Debug */ = {
			isa = XCBuildConfiguration;
			buildSettings = {
				ASSETCATALOG_COMPILER_APPICON_NAME = AppIcon;
				CODE_SIGN_ENTITLEMENTS = "Cloud Control/Cloud Control.entitlements";
				"CODE_SIGN_IDENTITY[sdk=macosx*]" = "Apple Development";
				CODE_SIGN_STYLE = Automatic;
				DERIVE_MACCATALYST_PRODUCT_BUNDLE_IDENTIFIER = YES;
				DEVELOPMENT_TEAM = 4RWKM5E87W;
				FRAMEWORK_SEARCH_PATHS = (
					"$(inherited)",
					"$(PROJECT_DIR)/Carthage/Build/iOS",
					"$(PROJECT_DIR)/Carthage/Build/Mac",
				);
				INFOPLIST_FILE = "$(SRCROOT)/Cloud Control/Info.plist";
				IPHONEOS_DEPLOYMENT_TARGET = 13.0;
				LD_RUNPATH_SEARCH_PATHS = (
					"$(inherited)",
					"@executable_path/Frameworks",
				);
				PRODUCT_BUNDLE_IDENTIFIER = com.clementgonzalvez.CloudControl;
				PRODUCT_NAME = "Cloud Control";
				SUPPORTS_MACCATALYST = YES;
				SWIFT_VERSION = 5.0;
				TARGETED_DEVICE_FAMILY = "1,2";
			};
			name = Debug;
		};
		EBB7893C20F37644006BDBF6 /* Release */ = {
			isa = XCBuildConfiguration;
			buildSettings = {
				ASSETCATALOG_COMPILER_APPICON_NAME = AppIcon;
				CODE_SIGN_ENTITLEMENTS = "Cloud Control/Cloud Control.entitlements";
				"CODE_SIGN_IDENTITY[sdk=macosx*]" = "Apple Development";
				CODE_SIGN_STYLE = Automatic;
				DERIVE_MACCATALYST_PRODUCT_BUNDLE_IDENTIFIER = YES;
				DEVELOPMENT_TEAM = 4RWKM5E87W;
				FRAMEWORK_SEARCH_PATHS = (
					"$(inherited)",
					"$(PROJECT_DIR)/Carthage/Build/iOS",
					"$(PROJECT_DIR)/Carthage/Build/Mac",
				);
				INFOPLIST_FILE = "$(SRCROOT)/Cloud Control/Info.plist";
				IPHONEOS_DEPLOYMENT_TARGET = 13.0;
				LD_RUNPATH_SEARCH_PATHS = (
					"$(inherited)",
					"@executable_path/Frameworks",
				);
				PRODUCT_BUNDLE_IDENTIFIER = com.clementgonzalvez.CloudControl;
				PRODUCT_NAME = "Cloud Control";
				SUPPORTS_MACCATALYST = YES;
				SWIFT_VERSION = 5.0;
				TARGETED_DEVICE_FAMILY = "1,2";
			};
			name = Release;
		};
/* End XCBuildConfiguration section */

/* Begin XCConfigurationList section */
		EBB7892320F37643006BDBF6 /* Build configuration list for PBXProject "Cloud Control" */ = {
			isa = XCConfigurationList;
			buildConfigurations = (
				EBB7893820F37644006BDBF6 /* Debug */,
				EBB7893920F37644006BDBF6 /* Release */,
			);
			defaultConfigurationIsVisible = 0;
			defaultConfigurationName = Release;
		};
		EBB7893A20F37644006BDBF6 /* Build configuration list for PBXNativeTarget "Cloud Control" */ = {
			isa = XCConfigurationList;
			buildConfigurations = (
				EBB7893B20F37644006BDBF6 /* Debug */,
				EBB7893C20F37644006BDBF6 /* Release */,
			);
			defaultConfigurationIsVisible = 0;
			defaultConfigurationName = Release;
		};
/* End XCConfigurationList section */

/* Begin XCRemoteSwiftPackageReference section */
		EBF2ED2A236F4BC500E9AEAD /* XCRemoteSwiftPackageReference "Alamofire" */ = {
			isa = XCRemoteSwiftPackageReference;
			repositoryURL = "git@github.com:Alamofire/Alamofire.git";
			requirement = {
				kind = upToNextMajorVersion;
				minimumVersion = 4.9.1;
			};
		};
		EBF2ED2D236F4BDA00E9AEAD /* XCRemoteSwiftPackageReference "SwiftyJSON" */ = {
			isa = XCRemoteSwiftPackageReference;
			repositoryURL = "git@github.com:SwiftyJSON/SwiftyJSON.git";
			requirement = {
				kind = upToNextMajorVersion;
				minimumVersion = 5.0.0;
			};
		};
/* End XCRemoteSwiftPackageReference section */

/* Begin XCSwiftPackageProductDependency section */
		EBF2ED2B236F4BC500E9AEAD /* Alamofire */ = {
			isa = XCSwiftPackageProductDependency;
			package = EBF2ED2A236F4BC500E9AEAD /* XCRemoteSwiftPackageReference "Alamofire" */;
			productName = Alamofire;
		};
		EBF2ED2E236F4BDA00E9AEAD /* SwiftyJSON */ = {
			isa = XCSwiftPackageProductDependency;
			package = EBF2ED2D236F4BDA00E9AEAD /* XCRemoteSwiftPackageReference "SwiftyJSON" */;
			productName = SwiftyJSON;
		};
/* End XCSwiftPackageProductDependency section */

/* Begin XCVersionGroup section */
		EBC232DE2306F80100A8E3E5 /* CloudControl.xcdatamodeld */ = {
			isa = XCVersionGroup;
			children = (
				EBC232DF2306F80100A8E3E5 /* CloudControl.xcdatamodel */,
			);
			currentVersion = EBC232DF2306F80100A8E3E5 /* CloudControl.xcdatamodel */;
			path = CloudControl.xcdatamodeld;
			sourceTree = "<group>";
			versionGroupType = wrapper.xcdatamodel;
		};
/* End XCVersionGroup section */
	};
	rootObject = EBB7892020F37643006BDBF6 /* Project object */;
}
